// !$*UTF8*$!
{
	archiveVersion = 1;
	classes = {
	};
	objectVersion = 56;
	objects = {

/* Begin PBXBuildFile section */
		18ECBD602FC6F6A7007C05EA /* DeviceDetailView.swift in Sources */ = {isa = PBXBuildFile; fileRef = 18ECBD5F2FC6F6A7007C05EA /* DeviceDetailView.swift */; };
		4A5F300127053A6100BEE001 /* ScannerHomeView.swift in Sources */ = {isa = PBXBuildFile; fileRef = 4A5F300027053A6100BEE001 /* ScannerHomeView.swift */; };
		4A5F300327053A6E00BEE001 /* DeviceRow.swift in Sources */ = {isa = PBXBuildFile; fileRef = 4A5F300227053A6E00BEE001 /* DeviceRow.swift */; };
		4A5F300527053A7900BEE001 /* SharedUI.swift in Sources */ = {isa = PBXBuildFile; fileRef = 4A5F300427053A7900BEE001 /* SharedUI.swift */; };
		A10000010000000000000001 /* BLEScannerApp.swift in Sources */ = {isa = PBXBuildFile; fileRef = A10000110000000000000001 /* BLEScannerApp.swift */; };
		A10000020000000000000001 /* ContentView.swift in Sources */ = {isa = PBXBuildFile; fileRef = A10000120000000000000001 /* ContentView.swift */; };
		A10000030000000000000001 /* BLEScannerViewModel.swift in Sources */ = {isa = PBXBuildFile; fileRef = A10000130000000000000001 /* BLEScannerViewModel.swift */; };
		A10000040000000000000001 /* BLEDevice.swift in Sources */ = {isa = PBXBuildFile; fileRef = A10000140000000000000001 /* BLEDevice.swift */; };
		A10000050000000000000001 /* Assets.xcassets in Resources */ = {isa = PBXBuildFile; fileRef = A10000150000000000000001 /* Assets.xcassets */; };
		A10000060000000000000001 /* LaunchScreen.storyboard in Resources */ = {isa = PBXBuildFile; fileRef = A10000170000000000000001 /* LaunchScreen.storyboard */; };
/* End PBXBuildFile section */

/* Begin PBXFileReference section */
		18ECBD5F2FC6F6A7007C05EA /* DeviceDetailView.swift */ = {isa = PBXFileReference; lastKnownFileType = sourcecode.swift; path = DeviceDetailView.swift; sourceTree = "<group>"; };
		4A5F300027053A6100BEE001 /* ScannerHomeView.swift */ = {isa = PBXFileReference; lastKnownFileType = sourcecode.swift; path = ScannerHomeView.swift; sourceTree = "<group>"; };
		4A5F300227053A6E00BEE001 /* DeviceRow.swift */ = {isa = PBXFileReference; lastKnownFileType = sourcecode.swift; path = DeviceRow.swift; sourceTree = "<group>"; };
		4A5F300427053A7900BEE001 /* SharedUI.swift */ = {isa = PBXFileReference; lastKnownFileType = sourcecode.swift; path = SharedUI.swift; sourceTree = "<group>"; };
		A10000100000000000000001 /* BLEScanner.app */ = {isa = PBXFileReference; explicitFileType = wrapper.application; includeInIndex = 0; path = BLEScanner.app; sourceTree = BUILT_PRODUCTS_DIR; };
		A10000110000000000000001 /* BLEScannerApp.swift */ = {isa = PBXFileReference; lastKnownFileType = sourcecode.swift; path = BLEScannerApp.swift; sourceTree = "<group>"; };
		A10000120000000000000001 /* ContentView.swift */ = {isa = PBXFileReference; lastKnownFileType = sourcecode.swift; path = ContentView.swift; sourceTree = "<group>"; };
		A10000130000000000000001 /* BLEScannerViewModel.swift */ = {isa = PBXFileReference; lastKnownFileType = sourcecode.swift; path = BLEScannerViewModel.swift; sourceTree = "<group>"; };
		A10000140000000000000001 /* BLEDevice.swift */ = {isa = PBXFileReference; lastKnownFileType = sourcecode.swift; path = BLEDevice.swift; sourceTree = "<group>"; };
		A10000150000000000000001 /* Assets.xcassets */ = {isa = PBXFileReference; lastKnownFileType = folder.assetcatalog; path = Assets.xcassets; sourceTree = "<group>"; };
		A10000160000000000000001 /* Info.plist */ = {isa = PBXFileReference; lastKnownFileType = text.plist.xml; path = Info.plist; sourceTree = "<group>"; };
		A10000170000000000000001 /* LaunchScreen.storyboard */ = {isa = PBXFileReference; lastKnownFileType = file.storyboard; path = LaunchScreen.storyboard; sourceTree = "<group>"; };
/* End PBXFileReference section */

/* Begin PBXFrameworksBuildPhase section */
		A10000200000000000000001 /* Frameworks */ = {
			isa = PBXFrameworksBuildPhase;
			buildActionMask = 2147483647;
			files = (
			);
			runOnlyForDeploymentPostprocessing = 0;
		};
/* End PBXFrameworksBuildPhase section */

/* Begin PBXGroup section */
		A10000300000000000000001 = {
			isa = PBXGroup;
			children = (
				A10000310000000000000001 /* BLEScanner */,
				A10000320000000000000001 /* Products */,
			);
			sourceTree = "<group>";
		};
		A10000310000000000000001 /* BLEScanner */ = {
			isa = PBXGroup;
			children = (
				A10000110000000000000001 /* BLEScannerApp.swift */,
				A10000120000000000000001 /* ContentView.swift */,
				4A5F300027053A6100BEE001 /* ScannerHomeView.swift */,
				4A5F300227053A6E00BEE001 /* DeviceRow.swift */,
				18ECBD5F2FC6F6A7007C05EA /* DeviceDetailView.swift */,
				4A5F300427053A7900BEE001 /* SharedUI.swift */,
				A10000130000000000000001 /* BLEScannerViewModel.swift */,
				A10000140000000000000001 /* BLEDevice.swift */,
				A10000150000000000000001 /* Assets.xcassets */,
				A10000170000000000000001 /* LaunchScreen.storyboard */,
				A10000160000000000000001 /* Info.plist */,
			);
			path = BLEScanner;
			sourceTree = "<group>";
		};
		A10000320000000000000001 /* Products */ = {
			isa = PBXGroup;
			children = (
				A10000100000000000000001 /* BLEScanner.app */,
			);
			name = Products;
			sourceTree = "<group>";
		};
/* End PBXGroup section */

/* Begin PBXNativeTarget section */
		A10000400000000000000001 /* BLEScanner */ = {
			isa = PBXNativeTarget;
			buildConfigurationList = A10000500000000000000001 /* Build configuration list for PBXNativeTarget "BLEScanner" */;
			buildPhases = (
				A10000600000000000000001 /* Sources */,
				A10000200000000000000001 /* Frameworks */,
				A10000700000000000000001 /* Resources */,
			);
			buildRules = (
			);
			dependencies = (
			);
			name = BLEScanner;
			productName = BLEScanner;
			productReference = A10000100000000000000001 /* BLEScanner.app */;
			productType = "com.apple.product-type.application";
		};
/* End PBXNativeTarget section */

/* Begin PBXProject section */
		A10000800000000000000001 /* Project object */ = {
			isa = PBXProject;
			attributes = {
				BuildIndependentTargetsInParallel = 1;
				LastSwiftUpdateCheck = 2600;
				LastUpgradeCheck = 2600;
				TargetAttributes = {
					A10000400000000000000001 = {
						CreatedOnToolsVersion = 26.4;
					};
				};
			};
			buildConfigurationList = A10000900000000000000001 /* Build configuration list for PBXProject "BLEScanner" */;
			compatibilityVersion = "Xcode 14.0";
			developmentRegion = en;
			hasScannedForEncodings = 0;
			knownRegions = (
				en,
				Base,
			);
			mainGroup = A10000300000000000000001;
			productRefGroup = A10000320000000000000001 /* Products */;
			projectDirPath = "";
			projectRoot = "";
			targets = (
				A10000400000000000000001 /* BLEScanner */,
			);
		};
/* End PBXProject section */

/* Begin PBXResourcesBuildPhase section */
		A10000700000000000000001 /* Resources */ = {
			isa = PBXResourcesBuildPhase;
			buildActionMask = 2147483647;
			files = (
				A10000050000000000000001 /* Assets.xcassets in Resources */,
				A10000060000000000000001 /* LaunchScreen.storyboard in Resources */,
			);
			runOnlyForDeploymentPostprocessing = 0;
		};
/* End PBXResourcesBuildPhase section */

/* Begin PBXSourcesBuildPhase section */
		A10000600000000000000001 /* Sources */ = {
			isa = PBXSourcesBuildPhase;
			buildActionMask = 2147483647;
			files = (
				A10000040000000000000001 /* BLEDevice.swift in Sources */,
				4A5F300327053A6E00BEE001 /* DeviceRow.swift in Sources */,
				18ECBD602FC6F6A7007C05EA /* DeviceDetailView.swift in Sources */,
				4A5F300127053A6100BEE001 /* ScannerHomeView.swift in Sources */,
				4A5F300527053A7900BEE001 /* SharedUI.swift in Sources */,
				A10000030000000000000001 /* BLEScannerViewModel.swift in Sources */,
				A10000020000000000000001 /* ContentView.swift in Sources */,
				A10000010000000000000001 /* BLEScannerApp.swift in Sources */,
			);
			runOnlyForDeploymentPostprocessing = 0;
		};
/* End PBXSourcesBuildPhase section */

/* Begin XCBuildConfiguration section */
		A10000A00000000000000001 /* Debug */ = {
			isa = XCBuildConfiguration;
			buildSettings = {
				ALWAYS_SEARCH_USER_PATHS = NO;
				ASSETCATALOG_COMPILER_APPICON_NAME = AppIcon;
				CLD_ENABLE_MODULE_DEBUGGING = YES;
				CODE_SIGN_IDENTITY = "Apple Development";
				CODE_SIGN_STYLE = Automatic;
				CURRENT_PROJECT_VERSION = 1;
				DEVELOPMENT_TEAM = MRCF63B448;
				ENABLE_PREVIEWS = YES;
				GENERATE_INFOPLIST_FILE = NO;
				INFOPLIST_FILE = BLEScanner/Info.plist;
				INFOPLIST_KEY_UIApplicationSupportsIndirectInputEvents = YES;
				IPHONEOS_DEPLOYMENT_TARGET = 17.0;
				LD_RUNPATH_SEARCH_PATHS = (
					"$(inherited)",
					"@executable_path/Frameworks",
				);
				MARKETING_VERSION = 1.0;
				PRODUCT_BUNDLE_IDENTIFIER = com.example.BLE99;
				PRODUCT_NAME = "$(TARGET_NAME)";
				PROVISIONING_PROFILE_SPECIFIER = "";
				SDKROOT = iphoneos;
				SUPPORTED_PLATFORMS = "iphoneos iphonesimulator";
				SWIFT_EMIT_LOC_STRINGS = YES;
				SWIFT_VERSION = 5.0;
				TARGETED_DEVICE_FAMILY = "1,2";
			};
			name = Debug;
		};
		A10000A10000000000000001 /* Release */ = {
			isa = XCBuildConfiguration;
			buildSettings = {
				ALWAYS_SEARCH_USER_PATHS = NO;
				ASSETCATALOG_COMPILER_APPICON_NAME = AppIcon;
				CODE_SIGN_IDENTITY = "Apple Development";
				CODE_SIGN_STYLE = Automatic;
				CURRENT_PROJECT_VERSION = 1;
				DEVELOPMENT_TEAM = MRCF63B448;
				ENABLE_NS_ASSERTIONS = NO;
				GENERATE_INFOPLIST_FILE = NO;
				INFOPLIST_FILE = BLEScanner/Info.plist;
				INFOPLIST_KEY_UIApplicationSupportsIndirectInputEvents = YES;
				IPHONEOS_DEPLOYMENT_TARGET = 17.0;
				LD_RUNPATH_SEARCH_PATHS = (
					"$(inherited)",
					"@executable_path/Frameworks",
				);
				MARKETING_VERSION = 1.0;
				PRODUCT_BUNDLE_IDENTIFIER = com.example.BLE99;
				PRODUCT_NAME = "$(TARGET_NAME)";
				PROVISIONING_PROFILE_SPECIFIER = "";
				SDKROOT = iphoneos;
				SUPPORTED_PLATFORMS = "iphoneos iphonesimulator";
				SWIFT_EMIT_LOC_STRINGS = YES;
				SWIFT_VERSION = 5.0;
				TARGETED_DEVICE_FAMILY = "1,2";
			};
			name = Release;
		};
		A10000B00000000000000001 /* Debug */ = {
			isa = XCBuildConfiguration;
			buildSettings = {
				ALWAYS_SEARCH_USER_PATHS = NO;
				CLANG_ENABLE_MODULES = YES;
				CLANG_ENABLE_OBJC_ARC = YES;
				COPY_PHASE_STRIP = NO;
				DEBUG_INFORMATION_FORMAT = dwarf;
				ENABLE_STRICT_OBJC_MSGSEND = YES;
				GCC_C_LANGUAGE_STANDARD = gnu17;
				GCC_NO_COMMON_BLOCKS = YES;
				GCC_OPTIMIZATION_LEVEL = 0;
				GCC_PREPROCESSOR_DEFINITIONS = (
					"DEBUG=1",
					"$(inherited)",
				);
				GCC_WARN_64_TO_32_BIT_CONVERSION = YES;
				GCC_WARN_ABOUT_RETURN_TYPE = YES_ERROR;
				GCC_WARN_UNDECLARED_SELECTOR = YES;
				GCC_WARN_UNINITIALIZED_AUTOS = YES_AGGRESSIVE;
				GCC_WARN_UNUSED_FUNCTION = YES;
				GCC_WARN_UNUSED_VARIABLE = YES;
				IPHONEOS_DEPLOYMENT_TARGET = 17.0;
				MTL_ENABLE_DEBUG_INFO = INCLUDE_SOURCE;
				ONLY_ACTIVE_ARCH = YES;
				SDKROOT = iphoneos;
				SWIFT_OPTIMIZATION_LEVEL = "-Onone";
			};
			name = Debug;
		};
		A10000B10000000000000001 /* Release */ = {
			isa = XCBuildConfiguration;
			buildSettings = {
				ALWAYS_SEARCH_USER_PATHS = NO;
				CLANG_ENABLE_MODULES = YES;
				CLANG_ENABLE_OBJC_ARC = YES;
				COPY_PHASE_STRIP = NO;
				DEBUG_INFORMATION_FORMAT = "dwarf-with-dsym";
				ENABLE_NS_ASSERTIONS = NO;
				ENABLE_STRICT_OBJC_MSGSEND = YES;
				GCC_C_LANGUAGE_STANDARD = gnu17;
				GCC_NO_COMMON_BLOCKS = YES;
				GCC_WARN_64_TO_32_BIT_CONVERSION = YES;
				GCC_WARN_ABOUT_RETURN_TYPE = YES_ERROR;
				GCC_WARN_UNDECLARED_SELECTOR = YES;
				GCC_WARN_UNINITIALIZED_AUTOS = YES_AGGRESSIVE;
				GCC_WARN_UNUSED_FUNCTION = YES;
				GCC_WARN_UNUSED_VARIABLE = YES;
				IPHONEOS_DEPLOYMENT_TARGET = 17.0;
				MTL_ENABLE_DEBUG_INFO = NO;
				SDKROOT = iphoneos;
				SWIFT_COMPILATION_MODE = wholemodule;
				SWIFT_OPTIMIZATION_LEVEL = "-O";
			};
			name = Release;
		};
/* End XCBuildConfiguration section */

/* Begin XCConfigurationList section */
		A10000500000000000000001 /* Build configuration list for PBXNativeTarget "BLEScanner" */ = {
			isa = XCConfigurationList;
			buildConfigurations = (
				A10000A00000000000000001 /* Debug */,
				A10000A10000000000000001 /* Release */,
			);
			defaultConfigurationIsVisible = 0;
			defaultConfigurationName = Release;
		};
		A10000900000000000000001 /* Build configuration list for PBXProject "BLEScanner" */ = {
			isa = XCConfigurationList;
			buildConfigurations = (
				A10000B00000000000000001 /* Debug */,
				A10000B10000000000000001 /* Release */,
			);
			defaultConfigurationIsVisible = 0;
			defaultConfigurationName = Release;
		};
/* End XCConfigurationList section */
	};
	rootObject = A10000800000000000000001 /* Project object */;
}
